// !$*UTF8*$!
{
	archiveVersion = 1;
	classes = {
	};
	objectVersion = 56;
	objects = {

/* Begin PBXBuildFile section */
		11BADB1F29DA0D050013417A /* medidorApp.swift in Sources */ = {isa = PBXBuildFile; fileRef = 11BADB1E29DA0D050013417A /* medidorApp.swift */; };
		11BADB2129DA0D050013417A /* ContentView.swift in Sources */ = {isa = PBXBuildFile; fileRef = 11BADB2029DA0D050013417A /* ContentView.swift */; };
		11BADB2329DA0D070013417A /* Assets.xcassets in Resources */ = {isa = PBXBuildFile; fileRef = 11BADB2229DA0D070013417A /* Assets.xcassets */; };
		11BADB2629DA0D070013417A /* Preview Assets.xcassets in Resources */ = {isa = PBXBuildFile; fileRef = 11BADB2529DA0D070013417A /* Preview Assets.xcassets */; };
		11BADB3029DA0D070013417A /* medidorTests.swift in Sources */ = {isa = PBXBuildFile; fileRef = 11BADB2F29DA0D070013417A /* medidorTests.swift */; };
		11BADB3A29DA0D070013417A /* medidorUITests.swift in Sources */ = {isa = PBXBuildFile; fileRef = 11BADB3929DA0D070013417A /* medidorUITests.swift */; };
		11BADB3C29DA0D070013417A /* medidorUITestsLaunchTests.swift in Sources */ = {isa = PBXBuildFile; fileRef = 11BADB3B29DA0D070013417A /* medidorUITestsLaunchTests.swift */; };
/* End PBXBuildFile section */

/* Begin PBXContainerItemProxy section */
		11BADB2C29DA0D070013417A /* PBXContainerItemProxy */ = {
			isa = PBXContainerItemProxy;
			containerPortal = 11BADB1329DA0D050013417A /* Project object */;
			proxyType = 1;
			remoteGlobalIDString = 11BADB1A29DA0D050013417A;
			remoteInfo = medidor;
		};
		11BADB3629DA0D070013417A /* PBXContainerItemProxy */ = {
			isa = PBXContainerItemProxy;
			containerPortal = 11BADB1329DA0D050013417A /* Project object */;
			proxyType = 1;
			remoteGlobalIDString = 11BADB1A29DA0D050013417A;
			remoteInfo = medidor;
		};
/* End PBXContainerItemProxy section */

/* Begin PBXFileReference section */
		11BADB1B29DA0D050013417A /* medidor.app */ = {isa = PBXFileReference; explicitFileType = wrapper.application; includeInIndex = 0; path = medidor.app; sourceTree = BUILT_PRODUCTS_DIR; };
		11BADB1E29DA0D050013417A /* medidorApp.swift */ = {isa = PBXFileReference; lastKnownFileType = sourcecode.swift; path = medidorApp.swift; sourceTree = "<group>"; };
		11BADB2029DA0D050013417A /* ContentView.swift */ = {isa = PBXFileReference; lastKnownFileType = sourcecode.swift; path = ContentView.swift; sourceTree = "<group>"; };
		11BADB2229DA0D070013417A /* Assets.xcassets */ = {isa = PBXFileReference; lastKnownFileType = folder.assetcatalog; path = Assets.xcassets; sourceTree = "<group>"; };
		11BADB2529DA0D070013417A /* Preview Assets.xcassets */ = {isa = PBXFileReference; lastKnownFileType = folder.assetcatalog; path = "Preview Assets.xcassets"; sourceTree = "<group>"; };
		11BADB2B29DA0D070013417A /* medidorTests.xctest */ = {isa = PBXFileReference; explicitFileType = wrapper.cfbundle; includeInIndex = 0; path = medidorTests.xctest; sourceTree = BUILT_PRODUCTS_DIR; };
		11BADB2F29DA0D070013417A /* medidorTests.swift */ = {isa = PBXFileReference; lastKnownFileType = sourcecode.swift; path = medidorTests.swift; sourceTree = "<group>"; };
		11BADB3529DA0D070013417A /* medidorUITests.xctest */ = {isa = PBXFileReference; explicitFileType = wrapper.cfbundle; includeInIndex = 0; path = medidorUITests.xctest; sourceTree = BUILT_PRODUCTS_DIR; };
		11BADB3929DA0D070013417A /* medidorUITests.swift */ = {isa = PBXFileReference; lastKnownFileType = sourcecode.swift; path = medidorUITests.swift; sourceTree = "<group>"; };
		11BADB3B29DA0D070013417A /* medidorUITestsLaunchTests.swift */ = {isa = PBXFileReference; lastKnownFileType = sourcecode.swift; path = medidorUITestsLaunchTests.swift; sourceTree = "<group>"; };
/* End PBXFileReference section */

/* Begin PBXFrameworksBuildPhase section */
		11BADB1829DA0D050013417A /* Frameworks */ = {
			isa = PBXFrameworksBuildPhase;
			buildActionMask = 2147483647;
			files = (
			);
			runOnlyForDeploymentPostprocessing = 0;
		};
		11BADB2829DA0D070013417A /* Frameworks */ = {
			isa = PBXFrameworksBuildPhase;
			buildActionMask = 2147483647;
			files = (
			);
			runOnlyForDeploymentPostprocessing = 0;
		};
		11BADB3229DA0D070013417A /* Frameworks */ = {
			isa = PBXFrameworksBuildPhase;
			buildActionMask = 2147483647;
			files = (
			);
			runOnlyForDeploymentPostprocessing = 0;
		};
/* End PBXFrameworksBuildPhase section */

/* Begin PBXGroup section */
		11BADB1229DA0D050013417A = {
			isa = PBXGroup;
			children = (
				11BADB1D29DA0D050013417A /* medidor */,
				11BADB2E29DA0D070013417A /* medidorTests */,
				11BADB3829DA0D070013417A /* medidorUITests */,
				11BADB1C29DA0D050013417A /* Products */,
			);
			sourceTree = "<group>";
		};
		11BADB1C29DA0D050013417A /* Products */ = {
			isa = PBXGroup;
			children = (
				11BADB1B29DA0D050013417A /* medidor.app */,
				11BADB2B29DA0D070013417A /* medidorTests.xctest */,
				11BADB3529DA0D070013417A /* medidorUITests.xctest */,
			);
			name = Products;
			sourceTree = "<group>";
		};
		11BADB1D29DA0D050013417A /* medidor */ = {
			isa = PBXGroup;
			children = (
				11BADB1E29DA0D050013417A /* medidorApp.swift */,
				11BADB2029DA0D050013417A /* ContentView.swift */,
				11BADB2229DA0D070013417A /* Assets.xcassets */,
				11BADB2429DA0D070013417A /* Preview Content */,
			);
			path = medidor;
			sourceTree = "<group>";
		};
		11BADB2429DA0D070013417A /* Preview Content */ = {
			isa = PBXGroup;
			children = (
				11BADB2529DA0D070013417A /* Preview Assets.xcassets */,
			);
			path = "Preview Content";
			sourceTree = "<group>";
		};
		11BADB2E29DA0D070013417A /* medidorTests */ = {
			isa = PBXGroup;
			children = (
				11BADB2F29DA0D070013417A /* medidorTests.swift */,
			);
			path = medidorTests;
			sourceTree = "<group>";
		};
		11BADB3829DA0D070013417A /* medidorUITests */ = {
			isa = PBXGroup;
			children = (
				11BADB3929DA0D070013417A /* medidorUITests.swift */,
				11BADB3B29DA0D070013417A /* medidorUITestsLaunchTests.swift */,
			);
			path = medidorUITests;
			sourceTree = "<group>";
		};
/* End PBXGroup section */

/* Begin PBXNativeTarget section */
		11BADB1A29DA0D050013417A /* medidor */ = {
			isa = PBXNativeTarget;
			buildConfigurationList = 11BADB3F29DA0D070013417A /* Build configuration list for PBXNativeTarget "medidor" */;
			buildPhases = (
				11BADB1729DA0D050013417A /* Sources */,
				11BADB1829DA0D050013417A /* Frameworks */,
				11BADB1929DA0D050013417A /* Resources */,
			);
			buildRules = (
			);
			dependencies = (
			);
			name = medidor;
			productName = medidor;
			productReference = 11BADB1B29DA0D050013417A /* medidor.app */;
			productType = "com.apple.product-type.application";
		};
		11BADB2A29DA0D070013417A /* medidorTests */ = {
			isa = PBXNativeTarget;
			buildConfigurationList = 11BADB4229DA0D070013417A /* Build configuration list for PBXNativeTarget "medidorTests" */;
			buildPhases = (
				11BADB2729DA0D070013417A /* Sources */,
				11BADB2829DA0D070013417A /* Frameworks */,
				11BADB2929DA0D070013417A /* Resources */,
			);
			buildRules = (
			);
			dependencies = (
				11BADB2D29DA0D070013417A /* PBXTargetDependency */,
			);
			name = medidorTests;
			productName = medidorTests;
			productReference = 11BADB2B29DA0D070013417A /* medidorTests.xctest */;
			productType = "com.apple.product-type.bundle.unit-test";
		};
		11BADB3429DA0D070013417A /* medidorUITests */ = {
			isa = PBXNativeTarget;
			buildConfigurationList = 11BADB4529DA0D070013417A /* Build configuration list for PBXNativeTarget "medidorUITests" */;
			buildPhases = (
				11BADB3129DA0D070013417A /* Sources */,
				11BADB3229DA0D070013417A /* Frameworks */,
				11BADB3329DA0D070013417A /* Resources */,
			);
			buildRules = (
			);
			dependencies = (
				11BADB3729DA0D070013417A /* PBXTargetDependency */,
			);
			name = medidorUITests;
			productName = medidorUITests;
			productReference = 11BADB3529DA0D070013417A /* medidorUITests.xctest */;
			productType = "com.apple.product-type.bundle.ui-testing";
		};
/* End PBXNativeTarget section */

/* Begin PBXProject section */
		11BADB1329DA0D050013417A /* Project object */ = {
			isa = PBXProject;
			attributes = {
				BuildIndependentTargetsInParallel = 1;
				LastSwiftUpdateCheck = 1430;
				LastUpgradeCheck = 1430;
				TargetAttributes = {
					11BADB1A29DA0D050013417A = {
						CreatedOnToolsVersion = 14.3;
					};
					11BADB2A29DA0D070013417A = {
						CreatedOnToolsVersion = 14.3;
						TestTargetID = 11BADB1A29DA0D050013417A;
					};
					11BADB3429DA0D070013417A = {
						CreatedOnToolsVersion = 14.3;
						TestTargetID = 11BADB1A29DA0D050013417A;
					};
				};
			};
			buildConfigurationList = 11BADB1629DA0D050013417A /* Build configuration list for PBXProject "medidor" */;
			compatibilityVersion = "Xcode 14.0";
			developmentRegion = en;
			hasScannedForEncodings = 0;
			knownRegions = (
				en,
				Base,
			);
			mainGroup = 11BADB1229DA0D050013417A;
			productRefGroup = 11BADB1C29DA0D050013417A /* Products */;
			projectDirPath = "";
			projectRoot = "";
			targets = (
				11BADB1A29DA0D050013417A /* medidor */,
				11BADB2A29DA0D070013417A /* medidorTests */,
				11BADB3429DA0D070013417A /* medidorUITests */,
			);
		};
/* End PBXProject section */

/* Begin PBXResourcesBuildPhase section */
		11BADB1929DA0D050013417A /* Resources */ = {
			isa = PBXResourcesBuildPhase;
			buildActionMask = 2147483647;
			files = (
				11BADB2629DA0D070013417A /* Preview Assets.xcassets in Resources */,
				11BADB2329DA0D070013417A /* Assets.xcassets in Resources */,
			);
			runOnlyForDeploymentPostprocessing = 0;
		};
		11BADB2929DA0D070013417A /* Resources */ = {
			isa = PBXResourcesBuildPhase;
			buildActionMask = 2147483647;
			files = (
			);
			runOnlyForDeploymentPostprocessing = 0;
		};
		11BADB3329DA0D070013417A /* Resources */ = {
			isa = PBXResourcesBuildPhase;
			buildActionMask = 2147483647;
			files = (
			);
			runOnlyForDeploymentPostprocessing = 0;
		};
/* End PBXResourcesBuildPhase section */

/* Begin PBXSourcesBuildPhase section */
		11BADB1729DA0D050013417A /* Sources */ = {
			isa = PBXSourcesBuildPhase;
			buildActionMask = 2147483647;
			files = (
				11BADB2129DA0D050013417A /* ContentView.swift in Sources */,
				11BADB1F29DA0D050013417A /* medidorApp.swift in Sources */,
			);
			runOnlyForDeploymentPostprocessing = 0;
		};
		11BADB2729DA0D070013417A /* Sources */ = {
			isa = PBXSourcesBuildPhase;
			buildActionMask = 2147483647;
			files = (
				11BADB3029DA0D070013417A /* medidorTests.swift in Sources */,
			);
			runOnlyForDeploymentPostprocessing = 0;
		};
		11BADB3129DA0D070013417A /* Sources */ = {
			isa = PBXSourcesBuildPhase;
			buildActionMask = 2147483647;
			files = (
				11BADB3A29DA0D070013417A /* medidorUITests.swift in Sources */,
				11BADB3C29DA0D070013417A /* medidorUITestsLaunchTests.swift in Sources */,
			);
			runOnlyForDeploymentPostprocessing = 0;
		};
/* End PBXSourcesBuildPhase section */

/* Begin PBXTargetDependency section */
		11BADB2D29DA0D070013417A /* PBXTargetDependency */ = {
			isa = PBXTargetDependency;
			target = 11BADB1A29DA0D050013417A /* medidor */;
			targetProxy = 11BADB2C29DA0D070013417A /* PBXContainerItemProxy */;
		};
		11BADB3729DA0D070013417A /* PBXTargetDependency */ = {
			isa = PBXTargetDependency;
			target = 11BADB1A29DA0D050013417A /* medidor */;
			targetProxy = 11BADB3629DA0D070013417A /* PBXContainerItemProxy */;
		};
/* End PBXTargetDependency section */

/* Begin XCBuildConfiguration section */
		11BADB3D29DA0D070013417A /* Debug */ = {
			isa = XCBuildConfiguration;
			buildSettings = {
				ALWAYS_SEARCH_USER_PATHS = NO;
				CLANG_ANALYZER_NONNULL = YES;
				CLANG_ANALYZER_NUMBER_OBJECT_CONVERSION = YES_AGGRESSIVE;
				CLANG_CXX_LANGUAGE_STANDARD = "gnu++20";
				CLANG_ENABLE_MODULES = YES;
				CLANG_ENABLE_OBJC_ARC = YES;
				CLANG_ENABLE_OBJC_WEAK = YES;
				CLANG_WARN_BLOCK_CAPTURE_AUTORELEASING = YES;
				CLANG_WARN_BOOL_CONVERSION = YES;
				CLANG_WARN_COMMA = YES;
				CLANG_WARN_CONSTANT_CONVERSION = YES;
				CLANG_WARN_DEPRECATED_OBJC_IMPLEMENTATIONS = YES;
				CLANG_WARN_DIRECT_OBJC_ISA_USAGE = YES_ERROR;
				CLANG_WARN_DOCUMENTATION_COMMENTS = YES;
				CLANG_WARN_EMPTY_BODY = YES;
				CLANG_WARN_ENUM_CONVERSION = YES;
				CLANG_WARN_INFINITE_RECURSION = YES;
				CLANG_WARN_INT_CONVERSION = YES;
				CLANG_WARN_NON_LITERAL_NULL_CONVERSION = YES;
				CLANG_WARN_OBJC_IMPLICIT_RETAIN_SELF = YES;
				CLANG_WARN_OBJC_LITERAL_CONVERSION = YES;
				CLANG_WARN_OBJC_ROOT_CLASS = YES_ERROR;
				CLANG_WARN_QUOTED_INCLUDE_IN_FRAMEWORK_HEADER = YES;
				CLANG_WARN_RANGE_LOOP_ANALYSIS = YES;
				CLANG_WARN_STRICT_PROTOTYPES = YES;
				CLANG_WARN_SUSPICIOUS_MOVE = YES;
				CLANG_WARN_UNGUARDED_AVAILABILITY = YES_AGGRESSIVE;
				CLANG_WARN_UNREACHABLE_CODE = YES;
				CLANG_WARN__DUPLICATE_METHOD_MATCH = YES;
				COPY_PHASE_STRIP = NO;
				DEBUG_INFORMATION_FORMAT = dwarf;
				ENABLE_STRICT_OBJC_MSGSEND = YES;
				ENABLE_TESTABILITY = YES;
				GCC_C_LANGUAGE_STANDARD = gnu11;
				GCC_DYNAMIC_NO_PIC = NO;
				GCC_NO_COMMON_BLOCKS = YES;
				GCC_OPTIMIZATION_LEVEL = 0;
				GCC_PREPROCESSOR_DEFINITIONS = (
					"DEBUG=1",
					"$(inherited)",
				);
				GCC_WARN_64_TO_32_BIT_CONVERSION = YES;
				GCC_WARN_ABOUT_RETURN_TYPE = YES_ERROR;
				GCC_WARN_UNDECLARED_SELECTOR = YES;
				GCC_WARN_UNINITIALIZED_AUTOS = YES_AGGRESSIVE;
				GCC_WARN_UNUSED_FUNCTION = YES;
				GCC_WARN_UNUSED_VARIABLE = YES;
				IPHONEOS_DEPLOYMENT_TARGET = 16.4;
				MTL_ENABLE_DEBUG_INFO = INCLUDE_SOURCE;
				MTL_FAST_MATH = YES;
				ONLY_ACTIVE_ARCH = YES;
				SDKROOT = iphoneos;
				SWIFT_ACTIVE_COMPILATION_CONDITIONS = DEBUG;
				SWIFT_OPTIMIZATION_LEVEL = "-Onone";
			};
			name = Debug;
		};
		11BADB3E29DA0D070013417A /* Release */ = {
			isa = XCBuildConfiguration;
			buildSettings = {
				ALWAYS_SEARCH_USER_PATHS = NO;
				CLANG_ANALYZER_NONNULL = YES;
				CLANG_ANALYZER_NUMBER_OBJECT_CONVERSION = YES_AGGRESSIVE;
				CLANG_CXX_LANGUAGE_STANDARD = "gnu++20";
				CLANG_ENABLE_MODULES = YES;
				CLANG_ENABLE_OBJC_ARC = YES;
				CLANG_ENABLE_OBJC_WEAK = YES;
				CLANG_WARN_BLOCK_CAPTURE_AUTORELEASING = YES;
				CLANG_WARN_BOOL_CONVERSION = YES;
				CLANG_WARN_COMMA = YES;
				CLANG_WARN_CONSTANT_CONVERSION = YES;
				CLANG_WARN_DEPRECATED_OBJC_IMPLEMENTATIONS = YES;
				CLANG_WARN_DIRECT_OBJC_ISA_USAGE = YES_ERROR;
				CLANG_WARN_DOCUMENTATION_COMMENTS = YES;
				CLANG_WARN_EMPTY_BODY = YES;
				CLANG_WARN_ENUM_CONVERSION = YES;
				CLANG_WARN_INFINITE_RECURSION = YES;
				CLANG_WARN_INT_CONVERSION = YES;
				CLANG_WARN_NON_LITERAL_NULL_CONVERSION = YES;
				CLANG_WARN_OBJC_IMPLICIT_RETAIN_SELF = YES;
				CLANG_WARN_OBJC_LITERAL_CONVERSION = YES;
				CLANG_WARN_OBJC_ROOT_CLASS = YES_ERROR;
				CLANG_WARN_QUOTED_INCLUDE_IN_FRAMEWORK_HEADER = YES;
				CLANG_WARN_RANGE_LOOP_ANALYSIS = YES;
				CLANG_WARN_STRICT_PROTOTYPES = YES;
				CLANG_WARN_SUSPICIOUS_MOVE = YES;
				CLANG_WARN_UNGUARDED_AVAILABILITY = YES_AGGRESSIVE;
				CLANG_WARN_UNREACHABLE_CODE = YES;
				CLANG_WARN__DUPLICATE_METHOD_MATCH = YES;
				COPY_PHASE_STRIP = NO;
				DEBUG_INFORMATION_FORMAT = "dwarf-with-dsym";
				ENABLE_NS_ASSERTIONS = NO;
				ENABLE_STRICT_OBJC_MSGSEND = YES;
				GCC_C_LANGUAGE_STANDARD = gnu11;
				GCC_NO_COMMON_BLOCKS = YES;
				GCC_WARN_64_TO_32_BIT_CONVERSION = YES;
				GCC_WARN_ABOUT_RETURN_TYPE = YES_ERROR;
				GCC_WARN_UNDECLARED_SELECTOR = YES;
				GCC_WARN_UNINITIALIZED_AUTOS = YES_AGGRESSIVE;
				GCC_WARN_UNUSED_FUNCTION = YES;
				GCC_WARN_UNUSED_VARIABLE = YES;
				IPHONEOS_DEPLOYMENT_TARGET = 16.4;
				MTL_ENABLE_DEBUG_INFO = NO;
				MTL_FAST_MATH = YES;
				SDKROOT = iphoneos;
				SWIFT_COMPILATION_MODE = wholemodule;
				SWIFT_OPTIMIZATION_LEVEL = "-O";
				VALIDATE_PRODUCT = YES;
			};
			name = Release;
		};
		11BADB4029DA0D070013417A /* Debug */ = {
			isa = XCBuildConfiguration;
			buildSettings = {
				ASSETCATALOG_COMPILER_APPICON_NAME = AppIcon;
				ASSETCATALOG_COMPILER_GLOBAL_ACCENT_COLOR_NAME = AccentColor;
				CODE_SIGN_STYLE = Automatic;
				CURRENT_PROJECT_VERSION = 1;
				DEVELOPMENT_ASSET_PATHS = "\"medidor/Preview Content\"";
				ENABLE_PREVIEWS = YES;
				GENERATE_INFOPLIST_FILE = YES;
				INFOPLIST_KEY_UIApplicationSceneManifest_Generation = YES;
				INFOPLIST_KEY_UIApplicationSupportsIndirectInputEvents = YES;
				INFOPLIST_KEY_UILaunchScreen_Generation = YES;
				INFOPLIST_KEY_UISupportedInterfaceOrientations_iPad = "UIInterfaceOrientationPortrait UIInterfaceOrientationPortraitUpsideDown UIInterfaceOrientationLandscapeLeft UIInterfaceOrientationLandscapeRight";
				INFOPLIST_KEY_UISupportedInterfaceOrientations_iPhone = "UIInterfaceOrientationPortrait UIInterfaceOrientationLandscapeLeft UIInterfaceOrientationLandscapeRight";
				LD_RUNPATH_SEARCH_PATHS = (
					"$(inherited)",
					"@executable_path/Frameworks",
				);
				MARKETING_VERSION = 1.0;
				PRODUCT_BUNDLE_IDENTIFIER = danimelenge.medidor;
				PRODUCT_NAME = "$(TARGET_NAME)";
				SWIFT_EMIT_LOC_STRINGS = YES;
				SWIFT_VERSION = 5.0;
				TARGETED_DEVICE_FAMILY = "1,2";
			};
			name = Debug;
		};
		11BADB4129DA0D070013417A /* Release */ = {
			isa = XCBuildConfiguration;
			buildSettings = {
				ASSETCATALOG_COMPILER_APPICON_NAME = AppIcon;
				ASSETCATALOG_COMPILER_GLOBAL_ACCENT_COLOR_NAME = AccentColor;
				CODE_SIGN_STYLE = Automatic;
				CURRENT_PROJECT_VERSION = 1;
				DEVELOPMENT_ASSET_PATHS = "\"medidor/Preview Content\"";
				ENABLE_PREVIEWS = YES;
				GENERATE_INFOPLIST_FILE = YES;
				INFOPLIST_KEY_UIApplicationSceneManifest_Generation = YES;
				INFOPLIST_KEY_UIApplicationSupportsIndirectInputEvents = YES;
				INFOPLIST_KEY_UILaunchScreen_Generation = YES;
				INFOPLIST_KEY_UISupportedInterfaceOrientations_iPad = "UIInterfaceOrientationPortrait UIInterfaceOrientationPortraitUpsideDown UIInterfaceOrientationLandscapeLeft UIInterfaceOrientationLandscapeRight";
				INFOPLIST_KEY_UISupportedInterfaceOrientations_iPhone = "UIInterfaceOrientationPortrait UIInterfaceOrientationLandscapeLeft UIInterfaceOrientationLandscapeRight";
				LD_RUNPATH_SEARCH_PATHS = (
					"$(inherited)",
					"@executable_path/Frameworks",
				);
				MARKETING_VERSION = 1.0;
				PRODUCT_BUNDLE_IDENTIFIER = danimelenge.medidor;
				PRODUCT_NAME = "$(TARGET_NAME)";
				SWIFT_EMIT_LOC_STRINGS = YES;
				SWIFT_VERSION = 5.0;
				TARGETED_DEVICE_FAMILY = "1,2";
			};
			name = Release;
		};
		11BADB4329DA0D070013417A /* Debug */ = {
			isa = XCBuildConfiguration;
			buildSettings = {
				ALWAYS_EMBED_SWIFT_STANDARD_LIBRARIES = YES;
				BUNDLE_LOADER = "$(TEST_HOST)";
				CODE_SIGN_STYLE = Automatic;
				CURRENT_PROJECT_VERSION = 1;
				GENERATE_INFOPLIST_FILE = YES;
				IPHONEOS_DEPLOYMENT_TARGET = 16.4;
				MARKETING_VERSION = 1.0;
				PRODUCT_BUNDLE_IDENTIFIER = danimelenge.medidorTests;
				PRODUCT_NAME = "$(TARGET_NAME)";
				SWIFT_EMIT_LOC_STRINGS = NO;
				SWIFT_VERSION = 5.0;
				TARGETED_DEVICE_FAMILY = "1,2";
				TEST_HOST = "$(BUILT_PRODUCTS_DIR)/medidor.app/$(BUNDLE_EXECUTABLE_FOLDER_PATH)/medidor";
			};
			name = Debug;
		};
		11BADB4429DA0D070013417A /* Release */ = {
			isa = XCBuildConfiguration;
			buildSettings = {
				ALWAYS_EMBED_SWIFT_STANDARD_LIBRARIES = YES;
				BUNDLE_LOADER = "$(TEST_HOST)";
				CODE_SIGN_STYLE = Automatic;
				CURRENT_PROJECT_VERSION = 1;
				GENERATE_INFOPLIST_FILE = YES;
				IPHONEOS_DEPLOYMENT_TARGET = 16.4;
				MARKETING_VERSION = 1.0;
				PRODUCT_BUNDLE_IDENTIFIER = danimelenge.medidorTests;
				PRODUCT_NAME = "$(TARGET_NAME)";
				SWIFT_EMIT_LOC_STRINGS = NO;
				SWIFT_VERSION = 5.0;
				TARGETED_DEVICE_FAMILY = "1,2";
				TEST_HOST = "$(BUILT_PRODUCTS_DIR)/medidor.app/$(BUNDLE_EXECUTABLE_FOLDER_PATH)/medidor";
			};
			name = Release;
		};
		11BADB4629DA0D070013417A /* Debug */ = {
			isa = XCBuildConfiguration;
			buildSettings = {
				ALWAYS_EMBED_SWIFT_STANDARD_LIBRARIES = YES;
				CODE_SIGN_STYLE = Automatic;
				CURRENT_PROJECT_VERSION = 1;
				GENERATE_INFOPLIST_FILE = YES;
				MARKETING_VERSION = 1.0;
				PRODUCT_BUNDLE_IDENTIFIER = danimelenge.medidorUITests;
				PRODUCT_NAME = "$(TARGET_NAME)";
				SWIFT_EMIT_LOC_STRINGS = NO;
				SWIFT_VERSION = 5.0;
				TARGETED_DEVICE_FAMILY = "1,2";
				TEST_TARGET_NAME = medidor;
			};
			name = Debug;
		};
		11BADB4729DA0D070013417A /* Release */ = {
			isa = XCBuildConfiguration;
			buildSettings = {
				ALWAYS_EMBED_SWIFT_STANDARD_LIBRARIES = YES;
				CODE_SIGN_STYLE = Automatic;
				CURRENT_PROJECT_VERSION = 1;
				GENERATE_INFOPLIST_FILE = YES;
				MARKETING_VERSION = 1.0;
				PRODUCT_BUNDLE_IDENTIFIER = danimelenge.medidorUITests;
				PRODUCT_NAME = "$(TARGET_NAME)";
				SWIFT_EMIT_LOC_STRINGS = NO;
				SWIFT_VERSION = 5.0;
				TARGETED_DEVICE_FAMILY = "1,2";
				TEST_TARGET_NAME = medidor;
			};
			name = Release;
		};
/* End XCBuildConfiguration section */

/* Begin XCConfigurationList section */
		11BADB1629DA0D050013417A /* Build configuration list for PBXProject "medidor" */ = {
			isa = XCConfigurationList;
			buildConfigurations = (
				11BADB3D29DA0D070013417A /* Debug */,
				11BADB3E29DA0D070013417A /* Release */,
			);
			defaultConfigurationIsVisible = 0;
			defaultConfigurationName = Release;
		};
		11BADB3F29DA0D070013417A /* Build configuration list for PBXNativeTarget "medidor" */ = {
			isa = XCConfigurationList;
			buildConfigurations = (
				11BADB4029DA0D070013417A /* Debug */,
				11BADB4129DA0D070013417A /* Release */,
			);
			defaultConfigurationIsVisible = 0;
			defaultConfigurationName = Release;
		};
		11BADB4229DA0D070013417A /* Build configuration list for PBXNativeTarget "medidorTests" */ = {
			isa = XCConfigurationList;
			buildConfigurations = (
				11BADB4329DA0D070013417A /* Debug */,
				11BADB4429DA0D070013417A /* Release */,
			);
			defaultConfigurationIsVisible = 0;
			defaultConfigurationName = Release;
		};
		11BADB4529DA0D070013417A /* Build configuration list for PBXNativeTarget "medidorUITests" */ = {
			isa = XCConfigurationList;
			buildConfigurations = (
				11BADB4629DA0D070013417A /* Debug */,
				11BADB4729DA0D070013417A /* Release */,
			);
			defaultConfigurationIsVisible = 0;
			defaultConfigurationName = Release;
		};
/* End XCConfigurationList section */
	};
	rootObject = 11BADB1329DA0D050013417A /* Project object */;
}
